
Microsoft Visual Studio Solution File, Format Version 12.00
# Visual Studio Version 16
VisualStudioVersion = 16.0.30413.136
MinimumVisualStudioVersion = 10.0.40219.1
Project("{9A19103F-16F7-4668-BE54-9A1E7A4F7556}") = "IStore.Domain", "IStore.Domain\IStore.Domain.csproj", "{3C4CDD92-DA56-4F04-9338-1DCE774E66FA}"
EndProject
Project("{9A19103F-16F7-4668-BE54-9A1E7A4F7556}") = "IStore.Sandbox", "IStore.Sandbox\IStore.Sandbox.csproj", "{CA760E39-CE47-412C-A346-63F235DF270E}"
EndProject
Project("{9A19103F-16F7-4668-BE54-9A1E7A4F7556}") = "IStore.Data", "IStore.Data\IStore.Data.csproj", "{2A18EE93-A18B-4A0B-B02E-3C63E9107A60}"
EndProject
Project("{9A19103F-16F7-4668-BE54-9A1E7A4F7556}") = "IStore.Web", "IStore.Web\IStore.Web.csproj", "{5EA1E13A-0B79-492D-8BDA-615A81008B3A}"
EndProject
Project("{9A19103F-16F7-4668-BE54-9A1E7A4F7556}") = "IStore.Logging", "IStore.Logging\IStore.Logging.csproj", "{F46D4BC2-8113-4B90-9A83-DB692CFEDD80}"
EndProject
Project("{9A19103F-16F7-4668-BE54-9A1E7A4F7556}") = "IStore.BusinessLogic", "IStore.BusinessLogic\IStore.BusinessLogic.csproj", "{F92CF67B-A17F-46A4-9634-B58C121FCBAD}"
EndProject
Global
	GlobalSection(SolutionConfigurationPlatforms) = preSolution
		Debug|Any CPU = Debug|Any CPU
		Release|Any CPU = Release|Any CPU
	EndGlobalSection
	GlobalSection(ProjectConfigurationPlatforms) = postSolution
		{3C4CDD92-DA56-4F04-9338-1DCE774E66FA}.Debug|Any CPU.ActiveCfg = Debug|Any CPU
		{3C4CDD92-DA56-4F04-9338-1DCE774E66FA}.Debug|Any CPU.Build.0 = Debug|Any CPU
		{3C4CDD92-DA56-4F04-9338-1DCE774E66FA}.Release|Any CPU.ActiveCfg = Release|Any CPU
		{3C4CDD92-DA56-4F04-9338-1DCE774E66FA}.Release|Any CPU.Build.0 = Release|Any CPU
		{CA760E39-CE47-412C-A346-63F235DF270E}.Debug|Any CPU.ActiveCfg = Debug|Any CPU
		{CA760E39-CE47-412C-A346-63F235DF270E}.Debug|Any CPU.Build.0 = Debug|Any CPU
		{CA760E39-CE47-412C-A346-63F235DF270E}.Release|Any CPU.ActiveCfg = Release|Any CPU
		{CA760E39-CE47-412C-A346-63F235DF270E}.Release|Any CPU.Build.0 = Release|Any CPU
		{2A18EE93-A18B-4A0B-B02E-3C63E9107A60}.Debug|Any CPU.ActiveCfg = Debug|Any CPU
		{2A18EE93-A18B-4A0B-B02E-3C63E9107A60}.Debug|Any CPU.Build.0 = Debug|Any CPU
		{2A18EE93-A18B-4A0B-B02E-3C63E9107A60}.Release|Any CPU.ActiveCfg = Release|Any CPU
		{2A18EE93-A18B-4A0B-B02E-3C63E9107A60}.Release|Any CPU.Build.0 = Release|Any CPU
		{5EA1E13A-0B79-492D-8BDA-615A81008B3A}.Debug|Any CPU.ActiveCfg = Debug|Any CPU
		{5EA1E13A-0B79-492D-8BDA-615A81008B3A}.Debug|Any CPU.Build.0 = Debug|Any CPU
		{5EA1E13A-0B79-492D-8BDA-615A81008B3A}.Release|Any CPU.ActiveCfg = Release|Any CPU
		{5EA1E13A-0B79-492D-8BDA-615A81008B3A}.Release|Any CPU.Build.0 = Release|Any CPU
		{F46D4BC2-8113-4B90-9A83-DB692CFEDD80}.Debug|Any CPU.ActiveCfg = Debug|Any CPU
		{F46D4BC2-8113-4B90-9A83-DB692CFEDD80}.Debug|Any CPU.Build.0 = Debug|Any CPU
		{F46D4BC2-8113-4B90-9A83-DB692CFEDD80}.Release|Any CPU.ActiveCfg = Release|Any CPU
		{F46D4BC2-8113-4B90-9A83-DB692CFEDD80}.Release|Any CPU.Build.0 = Release|Any CPU
		{F92CF67B-A17F-46A4-9634-B58C121FCBAD}.Debug|Any CPU.ActiveCfg = Debug|Any CPU
		{F92CF67B-A17F-46A4-9634-B58C121FCBAD}.Debug|Any CPU.Build.0 = Debug|Any CPU
		{F92CF67B-A17F-46A4-9634-B58C121FCBAD}.Release|Any CPU.ActiveCfg = Release|Any CPU
		{F92CF67B-A17F-46A4-9634-B58C121FCBAD}.Release|Any CPU.Build.0 = Release|Any CPU
	EndGlobalSection
	GlobalSection(SolutionProperties) = preSolution
		HideSolutionNode = FALSE
	EndGlobalSection
	GlobalSection(ExtensibilityGlobals) = postSolution
		SolutionGuid = {7175CB20-5D9C-4D3E-A94D-AED8E6687C7F}
	EndGlobalSection
EndGlobal
